
Microsoft Visual Studio Solution File, Format Version 12.00
# Visual Studio Version 16
VisualStudioVersion = 16.0.31624.102
MinimumVisualStudioVersion = 10.0.40219.1
Project("{8BC9CEB8-8B4A-11D0-8D11-00A0C91BC942}") = "MathLibrary", "MathLibrary\MathLibrary.vcxproj", "{5D2741A5-AAA4-42C4-8B7F-57BAD2D79214}"
EndProject
Project("{8BC9CEB8-8B4A-11D0-8D11-00A0C91BC942}") = "MathClient", "MathClient\MathClient.vcxproj", "{8F7AE56B-21C4-4254-A4B6-A143245F904C}"
EndProject
Global
	GlobalSection(SolutionConfigurationPlatforms) = preSolution
		Debug|x64 = Debug|x64
		Debug|x86 = Debug|x86
		Release|x64 = Release|x64
		Release|x86 = Release|x86
	EndGlobalSection
	GlobalSection(ProjectConfigurationPlatforms) = postSolution
		{5D2741A5-AAA4-42C4-8B7F-57BAD2D79214}.Debug|x64.ActiveCfg = Debug|x64
		{5D2741A5-AAA4-42C4-8B7F-57BAD2D79214}.Debug|x64.Build.0 = Debug|x64
		{5D2741A5-AAA4-42C4-8B7F-57BAD2D79214}.Debug|x86.ActiveCfg = Debug|Win32
		{5D2741A5-AAA4-42C4-8B7F-57BAD2D79214}.Debug|x86.Build.0 = Debug|Win32
		{5D2741A5-AAA4-42C4-8B7F-57BAD2D79214}.Release|x64.ActiveCfg = Release|x64
		{5D2741A5-AAA4-42C4-8B7F-57BAD2D79214}.Release|x64.Build.0 = Release|x64
		{5D2741A5-AAA4-42C4-8B7F-57BAD2D79214}.Release|x86.ActiveCfg = Release|Win32
		{5D2741A5-AAA4-42C4-8B7F-57BAD2D79214}.Release|x86.Build.0 = Release|Win32
		{8F7AE56B-21C4-4254-A4B6-A143245F904C}.Debug|x64.ActiveCfg = Debug|x64
		{8F7AE56B-21C4-4254-A4B6-A143245F904C}.Debug|x64.Build.0 = Debug|x64
		{8F7AE56B-21C4-4254-A4B6-A143245F904C}.Debug|x86.ActiveCfg = Debug|Win32
		{8F7AE56B-21C4-4254-A4B6-A143245F904C}.Debug|x86.Build.0 = Debug|Win32
		{8F7AE56B-21C4-4254-A4B6-A143245F904C}.Release|x64.ActiveCfg = Release|x64
		{8F7AE56B-21C4-4254-A4B6-A143245F904C}.Release|x64.Build.0 = Release|x64
		{8F7AE56B-21C4-4254-A4B6-A143245F904C}.Release|x86.ActiveCfg = Release|Win32
		{8F7AE56B-21C4-4254-A4B6-A143245F904C}.Release|x86.Build.0 = Release|Win32
	EndGlobalSection
	GlobalSection(SolutionProperties) = preSolution
		HideSolutionNode = FALSE
	EndGlobalSection
	GlobalSection(ExtensibilityGlobals) = postSolution
		SolutionGuid = {F1D37F5C-B6A5-4689-BDF4-8956FBE7FCF2}
	EndGlobalSection
EndGlobal
